
Microsoft Visual Studio Solution File, Format Version 12.00
Project("{FAE04EC0-301F-11D3-BF4B-00C04F79EFBC}") = "MVC", "MVC\MVC.csproj", "{40A3F31B-86F2-42C4-9921-8883FD1FB40F}"
EndProject
Project("{FAE04EC0-301F-11D3-BF4B-00C04F79EFBC}") = "BLL", "BLL\BLL.csproj", "{AB859655-0A84-4181-B481-BC5C31FE28D7}"
EndProject
Global
	GlobalSection(SolutionConfigurationPlatforms) = preSolution
		Debug|Any CPU = Debug|Any CPU
		Release|Any CPU = Release|Any CPU
	EndGlobalSection
	GlobalSection(ProjectConfigurationPlatforms) = postSolution
		{40A3F31B-86F2-42C4-9921-8883FD1FB40F}.Debug|Any CPU.ActiveCfg = Debug|Any CPU
		{40A3F31B-86F2-42C4-9921-8883FD1FB40F}.Debug|Any CPU.Build.0 = Debug|Any CPU
		{40A3F31B-86F2-42C4-9921-8883FD1FB40F}.Release|Any CPU.ActiveCfg = Release|Any CPU
		{40A3F31B-86F2-42C4-9921-8883FD1FB40F}.Release|Any CPU.Build.0 = Release|Any CPU
		{AB859655-0A84-4181-B481-BC5C31FE28D7}.Debug|Any CPU.ActiveCfg = Debug|Any CPU
		{AB859655-0A84-4181-B481-BC5C31FE28D7}.Debug|Any CPU.Build.0 = Debug|Any CPU
		{AB859655-0A84-4181-B481-BC5C31FE28D7}.Release|Any CPU.ActiveCfg = Release|Any CPU
		{AB859655-0A84-4181-B481-BC5C31FE28D7}.Release|Any CPU.Build.0 = Release|Any CPU
	EndGlobalSection
EndGlobal
